annotated-types==0.7.0
ast-serialize==0.6.0
certifi==2026.6.17
charset-normalizer==3.4.7
coverage==7.15.0
freezegun==1.5.5
idna==3.18
iniconfig==2.3.0
librt==0.12.0
mypy==2.1.0
mypy-extensions==1.1.0
numpy==2.4.6
packaging==26.2
pandas==2.2.3
pandas-stubs==3.0.3.260530
pandera==0.32.1
pathspec==1.1.1
pluggy==1.6.0
pyarrow==24.0.0
pydantic==2.13.4
pydantic-core==2.46.4
pygments==2.20.0
pytest==9.1.1
pytest-cov==7.1.0
python-dateutil==2.9.0.post0
pytz==2026.2
pyyaml==6.0.3
requests==2.34.2
responses==0.26.2
ruff==0.15.20
six==1.17.0
tomli==2.4.1
typeguard==4.5.2
types-requests==2.33.0.20260518
typing-extensions==4.16.0
typing-inspect==0.9.0
typing-inspection==0.4.2
tzdata==2026.2
urllib3==2.7.0
